
Microsoft Visual Studio Solution File, Format Version 12.00
# Visual Studio Version 17
VisualStudioVersion = 17.4.33103.184
MinimumVisualStudioVersion = 10.0.40219.1
Project("{FAE04EC0-301F-11D3-BF4B-00C04F79EFBC}") = "smartSchool.API", "smartSchool.API\smartSchool.API.csproj", "{734D46DC-855E-4713-ADCF-89134AE55CE1}"
EndProject
Global
	GlobalSection(SolutionConfigurationPlatforms) = preSolution
		Debug|Any CPU = Debug|Any CPU
		Release|Any CPU = Release|Any CPU
	EndGlobalSection
	GlobalSection(ProjectConfigurationPlatforms) = postSolution
		{734D46DC-855E-4713-ADCF-89134AE55CE1}.Debug|Any CPU.ActiveCfg = Debug|Any CPU
		{734D46DC-855E-4713-ADCF-89134AE55CE1}.Debug|Any CPU.Build.0 = Debug|Any CPU
		{734D46DC-855E-4713-ADCF-89134AE55CE1}.Release|Any CPU.ActiveCfg = Release|Any CPU
		{734D46DC-855E-4713-ADCF-89134AE55CE1}.Release|Any CPU.Build.0 = Release|Any CPU
	EndGlobalSection
	GlobalSection(SolutionProperties) = preSolution
		HideSolutionNode = FALSE
	EndGlobalSection
	GlobalSection(ExtensibilityGlobals) = postSolution
		SolutionGuid = {F7808BF6-D40E-4B4B-82BB-1158F866C7F4}
	EndGlobalSection
EndGlobal
